{
  "name": "invoice-validator",
  "version": "1.0.0",
  "lockfileVersion": 3,
  "requires": true,
  "packages": {
    "": {
      "name": "invoice-validator",
      "version": "1.0.0",
      "dependencies": {
        "xerces-wasm": "^0.2.0"
      }
    },
    "..": {
      "version": "0.2.0",
      "license": "MIT",
      "devDependencies": {
        "@types/jest": "^29.0.0",
        "@types/node": "^20.0.0",
        "jest": "^29.0.0",
        "ts-jest": "^29.0.0",
        "typescript": "^5.0.0"
      }
    },
    "node_modules/xerces-wasm": {
      "resolved": "..",
      "link": true
    }
  }
}
