{
  "name": "multi-schema-invoice-validator",
  "version": "1.0.0",
  "lockfileVersion": 3,
  "requires": true,
  "packages": {
    "": {
      "name": "multi-schema-invoice-validator",
      "version": "1.0.0",
      "dependencies": {
        "xerces-wasm": "0.3.0"
      }
    },
    "node_modules/xerces-wasm": {
      "version": "0.3.0",
      "resolved": "https://registry.npmjs.org/xerces-wasm/-/xerces-wasm-0.3.0.tgz",
      "integrity": "sha512-Q1RLiFTJX0YgT8zDxOnAnVTbJda3ek7bY15JY4POVkg/JIccalXtLOiQ56VRaTtUnBy0vl9hxwd/uaw6QVXsDw==",
      "license": "MIT"
    }
  }
}
